
Microsoft Visual Studio Solution File, Format Version 12.00
# Visual Studio Version 17
VisualStudioVersion = 17.7.34018.315
MinimumVisualStudioVersion = 10.0.40219.1
Project("{2150E333-8FDC-42A3-9474-1A3956D46DE8}") = "Services", "Services", "{11D07F13-BEF3-47F7-890B-F5A0AFB2CBA6}"
EndProject
Project("{2150E333-8FDC-42A3-9474-1A3956D46DE8}") = "Catalog", "Catalog", "{0F91A7F8-2EB1-4BAC-8141-ECF1F595DF95}"
EndProject
Project("{9A19103F-16F7-4668-BE54-9A1E7A4F7556}") = "FreeCourse.Services.Catalog", "Services\Catalog\FreeCourse.Services.Catalog\FreeCourse.Services.Catalog.csproj", "{39E44822-2C53-44A2-B841-AE1CD60B5351}"
EndProject
Project("{2150E333-8FDC-42A3-9474-1A3956D46DE8}") = "Solution Items", "Solution Items", "{37469EB2-6943-43E6-B50C-178D1A81B0CF}"
	ProjectSection(SolutionItems) = preProject
		Ports.txt = Ports.txt
	EndProjectSection
EndProject
Project("{2150E333-8FDC-42A3-9474-1A3956D46DE8}") = "Shared", "Shared", "{58B36AC5-4E7A-4A38-BF8A-97D24EC95A8E}"
EndProject
Project("{9A19103F-16F7-4668-BE54-9A1E7A4F7556}") = "FreeCourse.Shared", "Shared\FreeCourse.Shared\FreeCourse.Shared.csproj", "{7050CFA4-87B9-4150-A0DE-1E1F53B44ADF}"
EndProject
Project("{2150E333-8FDC-42A3-9474-1A3956D46DE8}") = "IdentityServer", "IdentityServer", "{17A178BD-DCAE-4AA8-B687-B9C2F995A778}"
EndProject
Project("{9A19103F-16F7-4668-BE54-9A1E7A4F7556}") = "FreeCourse.IdentityServer", "IdentityServer\FreeCourse.IdentityServer\FreeCourse.IdentityServer.csproj", "{3142D223-BBDF-4435-AB14-96F4B051783D}"
EndProject
Project("{2150E333-8FDC-42A3-9474-1A3956D46DE8}") = "PhotoStock", "PhotoStock", "{CE575804-BC88-4703-A99D-AF9304F0E99A}"
EndProject
Project("{2150E333-8FDC-42A3-9474-1A3956D46DE8}") = "Basket", "Basket", "{6785E9AE-A942-4539-967E-A9424B1EB133}"
EndProject
Project("{9A19103F-16F7-4668-BE54-9A1E7A4F7556}") = "FreeCourse.Services.Basket", "Services\Basket\FreeCourse.Services.Basket\FreeCourse.Services.Basket.csproj", "{0B0D6122-A194-499D-8A7D-8CFA003818D8}"
EndProject
Project("{9A19103F-16F7-4668-BE54-9A1E7A4F7556}") = "FreeCourse.Services.PhotoStock", "Services\PhotoStock\FreeCourse.Services.PhotoStock\FreeCourse.Services.PhotoStock.csproj", "{6D17DDD1-4A2E-433A-9ADA-9CB6BA5881AA}"
EndProject
Project("{2150E333-8FDC-42A3-9474-1A3956D46DE8}") = "Discount", "Discount", "{C60268FC-F2E5-4777-871B-B58C481C2F24}"
EndProject
Project("{9A19103F-16F7-4668-BE54-9A1E7A4F7556}") = "FreeCourse.Services.Discount", "Services\Discount\FreeCourse.Services.Discount\FreeCourse.Services.Discount.csproj", "{C9814374-1B7F-4459-AFD1-4E8A9A5FC3CD}"
EndProject
Project("{2150E333-8FDC-42A3-9474-1A3956D46DE8}") = "Order", "Order", "{C64D58E6-AEDD-4599-B341-352F76A566D9}"
EndProject
Project("{9A19103F-16F7-4668-BE54-9A1E7A4F7556}") = "FreeCourse.Services.Order.Application", "Services\Order\FreeCourse.Services.Order.Application\FreeCourse.Services.Order.Application.csproj", "{7FE23DA0-21B0-453F-8B36-0DB878F9ED38}"
EndProject
Project("{9A19103F-16F7-4668-BE54-9A1E7A4F7556}") = "FreeCourse.Services.Order.API", "Services\Order\FreeCourse.Services.Order.API\FreeCourse.Services.Order.API.csproj", "{1ECBFBCA-8DAC-42C2-B204-5233F3386046}"
EndProject
Project("{9A19103F-16F7-4668-BE54-9A1E7A4F7556}") = "FreeCourse.Services.Order.Domain", "Services\Order\FreeCourse.Services.Order.Domain\FreeCourse.Services.Order.Domain.csproj", "{847F5381-FF9E-4473-8558-811EEC720803}"
EndProject
Project("{9A19103F-16F7-4668-BE54-9A1E7A4F7556}") = "FreeCourse.Services.Order.Domain.Core", "Services\Order\FreeCourse.Services.Order.Domain.Core\FreeCourse.Services.Order.Domain.Core.csproj", "{4419315D-9905-429A-B916-F514228AB058}"
EndProject
Project("{9A19103F-16F7-4668-BE54-9A1E7A4F7556}") = "FreeCourse.Services.Order.Infrastructure", "Services\Order\FreeCourse.Services.Order.Infrastructure\FreeCourse.Services.Order.Infrastructure.csproj", "{CC22C7B8-FF3B-4E07-B615-3E7B971011EF}"
EndProject
Project("{2150E333-8FDC-42A3-9474-1A3956D46DE8}") = "FakePayment", "FakePayment", "{A622EC58-C601-4363-A922-300BE1E8CB9B}"
EndProject
Project("{FAE04EC0-301F-11D3-BF4B-00C04F79EFBC}") = "FreeCourse.Services.FakePayment", "Services\FakePayment\FreeCourse.Services.FakePayment\FreeCourse.Services.FakePayment.csproj", "{1B801E47-162C-43DC-83C3-90F93C1A7F9A}"
EndProject
Project("{2150E333-8FDC-42A3-9474-1A3956D46DE8}") = "Gateways", "Gateways", "{67B55CD1-3C21-49BC-B35E-1D12B6249FEC}"
EndProject
Project("{FAE04EC0-301F-11D3-BF4B-00C04F79EFBC}") = "FreeCourse.Gateway", "Gateways\FreeCourse.Gateway\FreeCourse.Gateway.csproj", "{114E6D71-80D8-45D8-8870-FB3955E26592}"
EndProject
Global
	GlobalSection(SolutionConfigurationPlatforms) = preSolution
		Debug|Any CPU = Debug|Any CPU
		Release|Any CPU = Release|Any CPU
	EndGlobalSection
	GlobalSection(ProjectConfigurationPlatforms) = postSolution
		{39E44822-2C53-44A2-B841-AE1CD60B5351}.Debug|Any CPU.ActiveCfg = Debug|Any CPU
		{39E44822-2C53-44A2-B841-AE1CD60B5351}.Debug|Any CPU.Build.0 = Debug|Any CPU
		{39E44822-2C53-44A2-B841-AE1CD60B5351}.Release|Any CPU.ActiveCfg = Release|Any CPU
		{39E44822-2C53-44A2-B841-AE1CD60B5351}.Release|Any CPU.Build.0 = Release|Any CPU
		{7050CFA4-87B9-4150-A0DE-1E1F53B44ADF}.Debug|Any CPU.ActiveCfg = Debug|Any CPU
		{7050CFA4-87B9-4150-A0DE-1E1F53B44ADF}.Debug|Any CPU.Build.0 = Debug|Any CPU
		{7050CFA4-87B9-4150-A0DE-1E1F53B44ADF}.Release|Any CPU.ActiveCfg = Release|Any CPU
		{7050CFA4-87B9-4150-A0DE-1E1F53B44ADF}.Release|Any CPU.Build.0 = Release|Any CPU
		{3142D223-BBDF-4435-AB14-96F4B051783D}.Debug|Any CPU.ActiveCfg = Debug|Any CPU
		{3142D223-BBDF-4435-AB14-96F4B051783D}.Debug|Any CPU.Build.0 = Debug|Any CPU
		{3142D223-BBDF-4435-AB14-96F4B051783D}.Release|Any CPU.ActiveCfg = Release|Any CPU
		{3142D223-BBDF-4435-AB14-96F4B051783D}.Release|Any CPU.Build.0 = Release|Any CPU
		{0B0D6122-A194-499D-8A7D-8CFA003818D8}.Debug|Any CPU.ActiveCfg = Debug|Any CPU
		{0B0D6122-A194-499D-8A7D-8CFA003818D8}.Debug|Any CPU.Build.0 = Debug|Any CPU
		{0B0D6122-A194-499D-8A7D-8CFA003818D8}.Release|Any CPU.ActiveCfg = Release|Any CPU
		{0B0D6122-A194-499D-8A7D-8CFA003818D8}.Release|Any CPU.Build.0 = Release|Any CPU
		{6D17DDD1-4A2E-433A-9ADA-9CB6BA5881AA}.Debug|Any CPU.ActiveCfg = Debug|Any CPU
		{6D17DDD1-4A2E-433A-9ADA-9CB6BA5881AA}.Debug|Any CPU.Build.0 = Debug|Any CPU
		{6D17DDD1-4A2E-433A-9ADA-9CB6BA5881AA}.Release|Any CPU.ActiveCfg = Release|Any CPU
		{6D17DDD1-4A2E-433A-9ADA-9CB6BA5881AA}.Release|Any CPU.Build.0 = Release|Any CPU
		{C9814374-1B7F-4459-AFD1-4E8A9A5FC3CD}.Debug|Any CPU.ActiveCfg = Debug|Any CPU
		{C9814374-1B7F-4459-AFD1-4E8A9A5FC3CD}.Debug|Any CPU.Build.0 = Debug|Any CPU
		{C9814374-1B7F-4459-AFD1-4E8A9A5FC3CD}.Release|Any CPU.ActiveCfg = Release|Any CPU
		{C9814374-1B7F-4459-AFD1-4E8A9A5FC3CD}.Release|Any CPU.Build.0 = Release|Any CPU
		{7FE23DA0-21B0-453F-8B36-0DB878F9ED38}.Debug|Any CPU.ActiveCfg = Debug|Any CPU
		{7FE23DA0-21B0-453F-8B36-0DB878F9ED38}.Debug|Any CPU.Build.0 = Debug|Any CPU
		{7FE23DA0-21B0-453F-8B36-0DB878F9ED38}.Release|Any CPU.ActiveCfg = Release|Any CPU
		{7FE23DA0-21B0-453F-8B36-0DB878F9ED38}.Release|Any CPU.Build.0 = Release|Any CPU
		{1ECBFBCA-8DAC-42C2-B204-5233F3386046}.Debug|Any CPU.ActiveCfg = Debug|Any CPU
		{1ECBFBCA-8DAC-42C2-B204-5233F3386046}.Debug|Any CPU.Build.0 = Debug|Any CPU
		{1ECBFBCA-8DAC-42C2-B204-5233F3386046}.Release|Any CPU.ActiveCfg = Release|Any CPU
		{1ECBFBCA-8DAC-42C2-B204-5233F3386046}.Release|Any CPU.Build.0 = Release|Any CPU
		{847F5381-FF9E-4473-8558-811EEC720803}.Debug|Any CPU.ActiveCfg = Debug|Any CPU
		{847F5381-FF9E-4473-8558-811EEC720803}.Debug|Any CPU.Build.0 = Debug|Any CPU
		{847F5381-FF9E-4473-8558-811EEC720803}.Release|Any CPU.ActiveCfg = Release|Any CPU
		{847F5381-FF9E-4473-8558-811EEC720803}.Release|Any CPU.Build.0 = Release|Any CPU
		{4419315D-9905-429A-B916-F514228AB058}.Debug|Any CPU.ActiveCfg = Debug|Any CPU
		{4419315D-9905-429A-B916-F514228AB058}.Debug|Any CPU.Build.0 = Debug|Any CPU
		{4419315D-9905-429A-B916-F514228AB058}.Release|Any CPU.ActiveCfg = Release|Any CPU
		{4419315D-9905-429A-B916-F514228AB058}.Release|Any CPU.Build.0 = Release|Any CPU
		{CC22C7B8-FF3B-4E07-B615-3E7B971011EF}.Debug|Any CPU.ActiveCfg = Debug|Any CPU
		{CC22C7B8-FF3B-4E07-B615-3E7B971011EF}.Debug|Any CPU.Build.0 = Debug|Any CPU
		{CC22C7B8-FF3B-4E07-B615-3E7B971011EF}.Release|Any CPU.ActiveCfg = Release|Any CPU
		{CC22C7B8-FF3B-4E07-B615-3E7B971011EF}.Release|Any CPU.Build.0 = Release|Any CPU
		{1B801E47-162C-43DC-83C3-90F93C1A7F9A}.Debug|Any CPU.ActiveCfg = Debug|Any CPU
		{1B801E47-162C-43DC-83C3-90F93C1A7F9A}.Debug|Any CPU.Build.0 = Debug|Any CPU
		{1B801E47-162C-43DC-83C3-90F93C1A7F9A}.Release|Any CPU.ActiveCfg = Release|Any CPU
		{1B801E47-162C-43DC-83C3-90F93C1A7F9A}.Release|Any CPU.Build.0 = Release|Any CPU
		{114E6D71-80D8-45D8-8870-FB3955E26592}.Debug|Any CPU.ActiveCfg = Debug|Any CPU
		{114E6D71-80D8-45D8-8870-FB3955E26592}.Debug|Any CPU.Build.0 = Debug|Any CPU
		{114E6D71-80D8-45D8-8870-FB3955E26592}.Release|Any CPU.ActiveCfg = Release|Any CPU
		{114E6D71-80D8-45D8-8870-FB3955E26592}.Release|Any CPU.Build.0 = Release|Any CPU
	EndGlobalSection
	GlobalSection(SolutionProperties) = preSolution
		HideSolutionNode = FALSE
	EndGlobalSection
	GlobalSection(NestedProjects) = preSolution
		{0F91A7F8-2EB1-4BAC-8141-ECF1F595DF95} = {11D07F13-BEF3-47F7-890B-F5A0AFB2CBA6}
		{39E44822-2C53-44A2-B841-AE1CD60B5351} = {0F91A7F8-2EB1-4BAC-8141-ECF1F595DF95}
		{7050CFA4-87B9-4150-A0DE-1E1F53B44ADF} = {58B36AC5-4E7A-4A38-BF8A-97D24EC95A8E}
		{3142D223-BBDF-4435-AB14-96F4B051783D} = {17A178BD-DCAE-4AA8-B687-B9C2F995A778}
		{CE575804-BC88-4703-A99D-AF9304F0E99A} = {11D07F13-BEF3-47F7-890B-F5A0AFB2CBA6}
		{6785E9AE-A942-4539-967E-A9424B1EB133} = {11D07F13-BEF3-47F7-890B-F5A0AFB2CBA6}
		{0B0D6122-A194-499D-8A7D-8CFA003818D8} = {6785E9AE-A942-4539-967E-A9424B1EB133}
		{6D17DDD1-4A2E-433A-9ADA-9CB6BA5881AA} = {CE575804-BC88-4703-A99D-AF9304F0E99A}
		{C60268FC-F2E5-4777-871B-B58C481C2F24} = {11D07F13-BEF3-47F7-890B-F5A0AFB2CBA6}
		{C9814374-1B7F-4459-AFD1-4E8A9A5FC3CD} = {C60268FC-F2E5-4777-871B-B58C481C2F24}
		{C64D58E6-AEDD-4599-B341-352F76A566D9} = {11D07F13-BEF3-47F7-890B-F5A0AFB2CBA6}
		{7FE23DA0-21B0-453F-8B36-0DB878F9ED38} = {C64D58E6-AEDD-4599-B341-352F76A566D9}
		{1ECBFBCA-8DAC-42C2-B204-5233F3386046} = {C64D58E6-AEDD-4599-B341-352F76A566D9}
		{847F5381-FF9E-4473-8558-811EEC720803} = {C64D58E6-AEDD-4599-B341-352F76A566D9}
		{4419315D-9905-429A-B916-F514228AB058} = {C64D58E6-AEDD-4599-B341-352F76A566D9}
		{CC22C7B8-FF3B-4E07-B615-3E7B971011EF} = {C64D58E6-AEDD-4599-B341-352F76A566D9}
		{A622EC58-C601-4363-A922-300BE1E8CB9B} = {11D07F13-BEF3-47F7-890B-F5A0AFB2CBA6}
		{1B801E47-162C-43DC-83C3-90F93C1A7F9A} = {A622EC58-C601-4363-A922-300BE1E8CB9B}
		{114E6D71-80D8-45D8-8870-FB3955E26592} = {67B55CD1-3C21-49BC-B35E-1D12B6249FEC}
	EndGlobalSection
	GlobalSection(ExtensibilityGlobals) = postSolution
		SolutionGuid = {C95BBC20-6E5F-4CA4-8E2E-EAF6E05A3280}
	EndGlobalSection
EndGlobal
